{
  "originHash" : "668f3db4d77f50764d2a25bc37ee76889913846e7c458572a90d808ca8385e6e",
  "pins" : [
    {
      "identity" : "approov-ios-sdk",
      "kind" : "remoteSourceControl",
      "location" : "https://github.com/approov/approov-ios-sdk.git",
      "state" : {
        "revision" : "ddeee49a8116df7e48daddbe2eebcdacf642eab8",
        "version" : "3.5.3"
      }
    },
    {
      "identity" : "approov-service-urlsession",
      "kind" : "remoteSourceControl",
      "location" : "https://github.com/approov/approov-service-urlsession.git",
      "state" : {
        "revision" : "3088854566a879c6c4c2694ed9b9a72463bd315b",
        "version" : "3.5.7"
      }
    },
    {
      "identity" : "swift-http-structured-headers",
      "kind" : "remoteSourceControl",
      "location" : "https://github.com/apple/swift-http-structured-headers.git",
      "state" : {
        "revision" : "76d7627bd88b47bf5a0f8497dd244885960dde0b",
        "version" : "1.6.0"
      }
    }
  ],
  "version" : 3
}
